
Microsoft Visual Studio Solution File, Format Version 12.00
# Visual Studio 15
VisualStudioVersion = 15.0.28010.2046
MinimumVisualStudioVersion = 10.0.40219.1
Project("{FAE04EC0-301F-11D3-BF4B-00C04F79EFBC}") = "PPD5", "PPD5\PPD5.csproj", "{2BF7DCB7-5CA6-469A-A414-F52ACA198413}"
EndProject
Global
	GlobalSection(SolutionConfigurationPlatforms) = preSolution
		Debug|Any CPU = Debug|Any CPU
		Release|Any CPU = Release|Any CPU
	EndGlobalSection
	GlobalSection(ProjectConfigurationPlatforms) = postSolution
		{2BF7DCB7-5CA6-469A-A414-F52ACA198413}.Debug|Any CPU.ActiveCfg = Debug|Any CPU
		{2BF7DCB7-5CA6-469A-A414-F52ACA198413}.Debug|Any CPU.Build.0 = Debug|Any CPU
		{2BF7DCB7-5CA6-469A-A414-F52ACA198413}.Release|Any CPU.ActiveCfg = Release|Any CPU
		{2BF7DCB7-5CA6-469A-A414-F52ACA198413}.Release|Any CPU.Build.0 = Release|Any CPU
	EndGlobalSection
	GlobalSection(SolutionProperties) = preSolution
		HideSolutionNode = FALSE
	EndGlobalSection
	GlobalSection(ExtensibilityGlobals) = postSolution
		SolutionGuid = {3E9E6D8C-F9CB-49DF-AF06-7AF857AA2ACB}
	EndGlobalSection
EndGlobal
